
Microsoft Visual Studio Solution File, Format Version 12.00
# Visual Studio 14
VisualStudioVersion = 14.0.25420.1
MinimumVisualStudioVersion = 10.0.40219.1
Project("{FAE04EC0-301F-11D3-BF4B-00C04F79EFBC}") = "ByteBank.View", "Paralelismo-com-CSharp-e-.NET-Aula1\ByteBank.View\ByteBank.View.csproj", "{3F1CCE92-E216-4D46-AC05-05259EE5E61B}"
EndProject
Project("{FAE04EC0-301F-11D3-BF4B-00C04F79EFBC}") = "ByteBank.Core", "Paralelismo-com-CSharp-e-.NET-Aula1\ByteBank.Core\ByteBank.Core.csproj", "{3B254A19-C3FD-4246-B319-987933185190}"
EndProject
Project("{2150E333-8FDC-42A3-9474-1A3956D46DE8}") = "Exam 70-783", "Exam 70-783", "{B9350AAB-2463-458C-9353-0BDB5F8A716B}"
	ProjectSection(SolutionItems) = preProject
		Anotacoes.md = Anotacoes.md
	EndProjectSection
EndProject
Project("{2150E333-8FDC-42A3-9474-1A3956D46DE8}") = "Paralelismo-com-CSharp-e-.NET-Aula1", "Paralelismo-com-CSharp-e-.NET-Aula1", "{8A88744C-4BB7-49F2-B754-2D58EDD8F33D}"
EndProject
Project("{2150E333-8FDC-42A3-9474-1A3956D46DE8}") = "Documentacao", "Documentacao", "{28D7B93B-15B8-4255-AD9F-F9023C65D568}"
EndProject
Project("{FAE04EC0-301F-11D3-BF4B-00C04F79EFBC}") = "AsyncProgram", "Documentacao\AsyncProgram\AsyncProgram.csproj", "{D90AE7EF-DB45-4CCE-8693-D2A9616AF7AD}"
EndProject
Project("{FAE04EC0-301F-11D3-BF4B-00C04F79EFBC}") = "AsyncExampleWPF", "Documentacao\AsyncExampleWPF\AsyncExampleWPF.csproj", "{70F2A513-A53D-4194-80CC-7D4AE863C4B2}"
EndProject
Project("{FAE04EC0-301F-11D3-BF4B-00C04F79EFBC}") = "4.4 Binary serialization", "Exam-70-783\4.4 Binary serialization\4.4 Binary serialization.csproj", "{96F4E22E-0645-44BA-8803-415622E00124}"
EndProject
Project("{FAE04EC0-301F-11D3-BF4B-00C04F79EFBC}") = "4.4 XML serialization", "Exam-70-783\4.4 XML serialization\4.4 XML serialization.csproj", "{98F16DA4-C9EE-40BE-B1C2-1D6138AAF11F}"
EndProject
Project("{FAE04EC0-301F-11D3-BF4B-00C04F79EFBC}") = "4.4 JSON serialization", "Exam-70-783\4.4 JSON serialization\4.4 JSON serialization.csproj", "{BC4D340D-97F9-469A-871B-EF09DEE9355F}"
EndProject
Project("{FAE04EC0-301F-11D3-BF4B-00C04F79EFBC}") = "4.5 Custom Collections", "Exam-70-783\4.5 Custom Collections\4.5 Custom Collections.csproj", "{B2B86444-4644-4800-AEAC-122E976C2B14}"
EndProject
Project("{FAE04EC0-301F-11D3-BF4B-00C04F79EFBC}") = "4.5 Generic List", "Exam-70-783\4.5 Generic List\4.5 Generic List.csproj", "{7D951826-DEE9-46A3-97B2-A7736954F99D}"
EndProject
Project("{FAE04EC0-301F-11D3-BF4B-00C04F79EFBC}") = "4.2 DBDataAdapter", "Exam-70-783\4.2 DBDataAdapter\4.2 DBDataAdapter.csproj", "{993CFE7A-E3AC-458E-A1EE-4210E192082F}"
EndProject
Project("{FAE04EC0-301F-11D3-BF4B-00C04F79EFBC}") = "4.1 DirectoryInfo", "Exam-70-783\4.1 DirectoryInfo\4.1 DirectoryInfo.csproj", "{A1D803C9-61FB-4B50-B457-3CA6A312A496}"
EndProject
Project("{FAE04EC0-301F-11D3-BF4B-00C04F79EFBC}") = "4.1 Streams", "Exam-70-783\4.1 Streams\4.1 Streams.csproj", "{E7B16958-9A1E-4BD0-A4CC-7AD882A93747}"
EndProject
Project("{FAE04EC0-301F-11D3-BF4B-00C04F79EFBC}") = "4.1 Asynchronous IO Operations", "Exam-70-783\4.1 Asynchronous IO Operations\4.1 Asynchronous IO Operations.csproj", "{6C73C7FF-1069-4F43-9387-5FFEF485463E}"
EndProject
Project("{FAE04EC0-301F-11D3-BF4B-00C04F79EFBC}") = "4.3 LINQ", "Exam-70-783\4.3 LINQ Distinct Method Custom\4.3 LINQ.csproj", "{B935EB30-BB28-4BBD-B30E-A4FEF5A30BDD}"
EndProject
Project("{FAE04EC0-301F-11D3-BF4B-00C04F79EFBC}") = "3.5 System event log", "Exam-70-783\3.5 System event log\3.5 System event log.csproj", "{44815B5D-006D-4CF5-9DA9-719537690669}"
EndProject
Project("{FAE04EC0-301F-11D3-BF4B-00C04F79EFBC}") = "3.2 X509Certificates", "Exam-70-783\3.2 X509Certificates\3.2 X509Certificates.csproj", "{A42FA450-86DE-41BA-9A1D-C5784C0DB15E}"
EndProject
Project("{FAE04EC0-301F-11D3-BF4B-00C04F79EFBC}") = "3.2 ProtectedData", "Exam-70-783\3.2 ProtectedData\3.2 ProtectedData.csproj", "{79768319-CCEA-4D99-ACE1-357BB63C6909}"
EndProject
Project("{FAE04EC0-301F-11D3-BF4B-00C04F79EFBC}") = "3.2 RSA Asymmetric Algorithm", "Exam-70-783\3.2 RSA Asymmetric Algorithm\3.2 RSA Asymmetric Algorithm.csproj", "{00A140DE-B0A9-4FDD-913B-66FD7D5C7B68}"
EndProject
Project("{FAE04EC0-301F-11D3-BF4B-00C04F79EFBC}") = "2.5 Reflection", "Exam-70-783\2.5 Reflection\2.5 Reflection.csproj", "{A7C3BEF7-0312-4C6C-AA43-21567A6AFAC8}"
EndProject
Project("{FAE04EC0-301F-11D3-BF4B-00C04F79EFBC}") = "1.1 Parallel class", "Exam-70-783\1.1 Parallel class\1.1 Parallel class.csproj", "{34B5FAA0-888F-484F-9202-788B8310945F}"
EndProject
Project("{FAE04EC0-301F-11D3-BF4B-00C04F79EFBC}") = "1.1 Tasks", "Exam-70-783\1.1 Tasks\1.1 Tasks.csproj", "{DE6B9EC8-66C3-438B-8F0B-761988EB5F01}"
EndProject
Project("{FAE04EC0-301F-11D3-BF4B-00C04F79EFBC}") = "1.1 PLINQ", "Exam-70-783\1.1 PLINQ\1.1 PLINQ.csproj", "{E200CC69-5E0A-4A3A-A685-893A0561FDD7}"
EndProject
Project("{FAE04EC0-301F-11D3-BF4B-00C04F79EFBC}") = "1.2 Locking", "Exam-70-783\1.2 Locking\1.2 Locking.csproj", "{54BD2C03-A6AC-4247-8156-4D75E95C3A53}"
EndProject
Project("{FAE04EC0-301F-11D3-BF4B-00C04F79EFBC}") = "1.4 Delegates", "Exam-70-783\1.4 Delegates\1.4 Delegates.csproj", "{D80521C4-F88F-426F-B79F-AD7B246B1E7D}"
EndProject
Project("{FAE04EC0-301F-11D3-BF4B-00C04F79EFBC}") = "1.4 Events", "Exam-70-783\1.4 Events\1.4 Events.csproj", "{88A0BAA5-3F96-43A5-8DD0-B838F7CE2B4F}"
EndProject
Project("{FAE04EC0-301F-11D3-BF4B-00C04F79EFBC}") = "2.1 Generics", "Exam-70-783\2.1 Generics\2.1 Generics.csproj", "{B7DB9CF4-42A7-4A0E-AB6B-FDDBF2E391CC}"
EndProject
Project("{FAE04EC0-301F-11D3-BF4B-00C04F79EFBC}") = "2.1 Extension Methods", "Exam-70-783\2.1 Extension Methods\2.1 Extension Methods.csproj", "{180F5963-3A34-435C-8804-2A9CC6490481}"
EndProject
Project("{FAE04EC0-301F-11D3-BF4B-00C04F79EFBC}") = "2.3 Explicit interface", "Exam-70-783\2.3 Explicit interface\2.3 Explicit interface.csproj", "{B5A72203-335D-40E4-8421-3E11FB8F8913}"
EndProject
Project("{FAE04EC0-301F-11D3-BF4B-00C04F79EFBC}") = "2.4 IComparable", "Exam-70-783\2.4 IComparable\2.4 IComparable.csproj", "{90CB3D68-7E2E-463B-9154-F1AEA70F6838}"
EndProject
Project("{FAE04EC0-301F-11D3-BF4B-00C04F79EFBC}") = "2.4 IEnumerable", "Exam-70-783\2.4 IEnumerable\2.4 IEnumerable.csproj", "{132F9405-B43F-493A-A5B1-0F956AE7C81B}"
EndProject
Project("{FAE04EC0-301F-11D3-BF4B-00C04F79EFBC}") = "2.5 Custom Attributes", "Exam-70-783\2.5 Custom Attributes\2.5 Custom Attributes.csproj", "{B9430654-5CAD-412F-8A4D-A29174753F62}"
EndProject
Project("{FAE04EC0-301F-11D3-BF4B-00C04F79EFBC}") = "2.5 CodeDOM", "Exam-70-783\2.5 CodeDOM\2.5 CodeDOM.csproj", "{7B71F3B0-F422-4661-AD92-CA48CD724AE0}"
EndProject
Project("{FAE04EC0-301F-11D3-BF4B-00C04F79EFBC}") = "2.6 IDisposable", "Exam-70-783\2.6 IDisposable\2.6 IDisposable.csproj", "{166C2277-E0F4-46D3-BBEF-01E6A224EAD8}"
EndProject
Project("{FAE04EC0-301F-11D3-BF4B-00C04F79EFBC}") = "2.2 Explicit conversion", "Exam-70-783\2.2 Explicit conversion\2.2 Explicit conversion.csproj", "{C4FA06DC-97BD-44C9-92BB-E31EF8F8E766}"
EndProject
Project("{FAE04EC0-301F-11D3-BF4B-00C04F79EFBC}") = "2.2 Implicit conversion", "Exam-70-783\2.2 Implicit conversion\2.2 Implicit conversion.csproj", "{66D0EEEB-2062-4C4D-84D2-0736BB40828B}"
EndProject
Project("{FAE04EC0-301F-11D3-BF4B-00C04F79EFBC}") = "3.2 AES Symmetric Algorithm", "Exam-70-783\3.2 AES Symmetric Algorithm\3.2 AES Symmetric Algorithm.csproj", "{782C06F8-799B-45B9-98FC-673540E033B1}"
EndProject
Project("{FAE04EC0-301F-11D3-BF4B-00C04F79EFBC}") = "4.1 Task.WhenAll", "Exam-70-783\4.1 Task.WhenAll\4.1 Task.WhenAll.csproj", "{3498A624-E788-40CE-AC8E-70EC5469521D}"
EndProject
Project("{FAE04EC0-301F-11D3-BF4B-00C04F79EFBC}") = "4.2 XmlReader", "Exam-70-783\4.2 XmlReader\4.2 XmlReader.csproj", "{0A46045D-180D-4E11-B4CF-1193C52FB93D}"
EndProject
Project("{FAE04EC0-301F-11D3-BF4B-00C04F79EFBC}") = "4.2 XmlWriter", "Exam-70-783\4.2 XmlWriter\4.2 XmlWriter.csproj", "{F582B224-EB9F-4A26-87D7-AF662A38C6DE}"
EndProject
Project("{FAE04EC0-301F-11D3-BF4B-00C04F79EFBC}") = "4.2 XmlDocument", "Exam-70-783\4.2 XmlDocument\4.2 XmlDocument.csproj", "{A60BA3C2-E224-4E56-A7A1-A7ADEC745224}"
EndProject
Project("{FAE04EC0-301F-11D3-BF4B-00C04F79EFBC}") = "3.4 Breakpoints", "Exam-70-783\3.4 Breakpoints\3.4 Breakpoints.csproj", "{3BA76DA5-0FB9-4CED-80A2-ED5B686D6899}"
EndProject
Project("{FAE04EC0-301F-11D3-BF4B-00C04F79EFBC}") = "1.4 Covariance", "Exam-70-783\1.4 Covariance\1.4 Covariance.csproj", "{15895D31-C08A-4993-8C1C-22CFF52C8D48}"
EndProject
Project("{FAE04EC0-301F-11D3-BF4B-00C04F79EFBC}") = "1.4 Contravariance", "Exam-70-783\1.4 Contravariance\1.4 Contravariance.csproj", "{7D625EB0-D4E3-49C2-A983-B66BEAC9D166}"
EndProject
Project("{FAE04EC0-301F-11D3-BF4B-00C04F79EFBC}") = "2.5 Type Reflection", "Exam-70-783\2.5 Type Reflection\2.5 Type Reflection.csproj", "{DFD154FC-89BE-4525-8359-AFB22A1402C9}"
EndProject
Project("{FAE04EC0-301F-11D3-BF4B-00C04F79EFBC}") = "1.4 CarDelegate", "Exam-70-783\1.4 CarDelegate\1.4 CarDelegate.csproj", "{0613ED0D-9E98-438D-BE58-7793F0E5DE8F}"
EndProject
Project("{FAE04EC0-301F-11D3-BF4B-00C04F79EFBC}") = "3.1 Data Annotation", "Exam-70-783\3.1 Data Annotation\3.1 Data Annotation.csproj", "{9903FBBF-9694-4F3C-A2CF-4D2336935B23}"
EndProject
Project("{FAE04EC0-301F-11D3-BF4B-00C04F79EFBC}") = "3.1 Regular Expression", "Exam-70-783\3.1 Regular Expression\3.1 Regular Expression.csproj", "{E92B8D85-5B85-4F54-8973-B0814B64CA1C}"
EndProject
Project("{FAE04EC0-301F-11D3-BF4B-00C04F79EFBC}") = "3.1 TryParse", "Exam-70-783\3.1 TryParse\3.1 TryParse.csproj", "{CC5F2002-86E5-4AB0-A95B-F52DFC2F457E}"
EndProject
Project("{FAE04EC0-301F-11D3-BF4B-00C04F79EFBC}") = "3.1 Validating JSON XML", "Exam-70-783\3.1 Validating JSON XML\3.1 Validating JSON XML.csproj", "{2AC01E7F-5B92-402C-AC43-F95E2C2747A9}"
EndProject
Project("{FAE04EC0-301F-11D3-BF4B-00C04F79EFBC}") = "3.2 Hashing", "Exam-70-783\3.2 Hashing\3.2 Hashing.csproj", "{5BAC408D-3D14-4896-BFEE-A667FB822F56}"
EndProject
Project("{FAE04EC0-301F-11D3-BF4B-00C04F79EFBC}") = "3.5 Diagnostic App", "Exam-70-783\3.5 Diagnostic App\3.5 Diagnostic App.csproj", "{9810EF59-1F78-42FA-99BF-47EBE69C2FDB}"
EndProject
Project("{FAE04EC0-301F-11D3-BF4B-00C04F79EFBC}") = "3.5 Analyze UseCPU", "Exam-70-783\3.5 Analyze UseCPU\3.5 Analyze UseCPU.csproj", "{A62AA7DC-0D30-416A-9107-34AFEEF69B68}"
EndProject
Project("{FAE04EC0-301F-11D3-BF4B-00C04F79EFBC}") = "3.5 Perfomance Counter", "Exam-70-783\3.5 Perfomance Counter\3.5 Perfomance Counter.csproj", "{EAF32B42-41D9-4F35-90D1-07B2A76A5DE3}"
EndProject
Project("{FAE04EC0-301F-11D3-BF4B-00C04F79EFBC}") = "2.2 Operrator Explicit-Implicit", "Exam-70-783\2.2 Operrator Explicit-Implicit\2.2 Operrator Explicit-Implicit.csproj", "{60A8667B-86EF-4FD2-AB12-5A0382862ADE}"
EndProject
Project("{FAE04EC0-301F-11D3-BF4B-00C04F79EFBC}") = "2.2 Boxing and UnBoxing", "Exam-70-783\2.2 Boxing and UnBoxing\2.2 Boxing and UnBoxing.csproj", "{E47FA3B4-5969-4585-B08A-DEE304A17C7F}"
EndProject
Project("{FAE04EC0-301F-11D3-BF4B-00C04F79EFBC}") = "2.4 Base", "Exam-70-783\2.4 Base\2.4 Base.csproj", "{FE110A36-D924-431A-AFBA-34A3B05E1116}"
EndProject
Project("{FAE04EC0-301F-11D3-BF4B-00C04F79EFBC}") = "2.5 Using Attributes", "Exam-70-783\2.5 Using Attributes\2.5 Using Attributes.csproj", "{F75FB18B-2B5E-46E4-A522-EA09A879E5B6}"
EndProject
Project("{FAE04EC0-301F-11D3-BF4B-00C04F79EFBC}") = "2.5 Expression Tree", "Exam-70-783\2.5 Expression Tree\2.5 Expression Tree.csproj", "{51DA33A8-4536-4F51-A842-DAC5B674A18B}"
EndProject
Project("{FAE04EC0-301F-11D3-BF4B-00C04F79EFBC}") = "4.1 DriverInfo", "Exam-70-783\4.1 DriverInfo\4.1 DriverInfo.csproj", "{A987E53D-0F77-41BE-B347-B5F1F525AAEE}"
EndProject
Project("{FAE04EC0-301F-11D3-BF4B-00C04F79EFBC}") = "4.1 File", "Exam-70-783\4.1 File\4.1 File.csproj", "{DA17C999-2C4D-493D-BE7E-20EA0A4E58F5}"
EndProject
Global
	GlobalSection(SolutionConfigurationPlatforms) = preSolution
		Debug|Any CPU = Debug|Any CPU
		Release|Any CPU = Release|Any CPU
	EndGlobalSection
	GlobalSection(ProjectConfigurationPlatforms) = postSolution
		{3F1CCE92-E216-4D46-AC05-05259EE5E61B}.Debug|Any CPU.ActiveCfg = Debug|Any CPU
		{3F1CCE92-E216-4D46-AC05-05259EE5E61B}.Debug|Any CPU.Build.0 = Debug|Any CPU
		{3F1CCE92-E216-4D46-AC05-05259EE5E61B}.Release|Any CPU.ActiveCfg = Release|Any CPU
		{3F1CCE92-E216-4D46-AC05-05259EE5E61B}.Release|Any CPU.Build.0 = Release|Any CPU
		{3B254A19-C3FD-4246-B319-987933185190}.Debug|Any CPU.ActiveCfg = Debug|Any CPU
		{3B254A19-C3FD-4246-B319-987933185190}.Debug|Any CPU.Build.0 = Debug|Any CPU
		{3B254A19-C3FD-4246-B319-987933185190}.Release|Any CPU.ActiveCfg = Release|Any CPU
		{3B254A19-C3FD-4246-B319-987933185190}.Release|Any CPU.Build.0 = Release|Any CPU
		{D90AE7EF-DB45-4CCE-8693-D2A9616AF7AD}.Debug|Any CPU.ActiveCfg = Debug|Any CPU
		{D90AE7EF-DB45-4CCE-8693-D2A9616AF7AD}.Debug|Any CPU.Build.0 = Debug|Any CPU
		{D90AE7EF-DB45-4CCE-8693-D2A9616AF7AD}.Release|Any CPU.ActiveCfg = Release|Any CPU
		{D90AE7EF-DB45-4CCE-8693-D2A9616AF7AD}.Release|Any CPU.Build.0 = Release|Any CPU
		{70F2A513-A53D-4194-80CC-7D4AE863C4B2}.Debug|Any CPU.ActiveCfg = Debug|Any CPU
		{70F2A513-A53D-4194-80CC-7D4AE863C4B2}.Debug|Any CPU.Build.0 = Debug|Any CPU
		{70F2A513-A53D-4194-80CC-7D4AE863C4B2}.Release|Any CPU.ActiveCfg = Release|Any CPU
		{70F2A513-A53D-4194-80CC-7D4AE863C4B2}.Release|Any CPU.Build.0 = Release|Any CPU
		{96F4E22E-0645-44BA-8803-415622E00124}.Debug|Any CPU.ActiveCfg = Debug|Any CPU
		{96F4E22E-0645-44BA-8803-415622E00124}.Debug|Any CPU.Build.0 = Debug|Any CPU
		{96F4E22E-0645-44BA-8803-415622E00124}.Release|Any CPU.ActiveCfg = Release|Any CPU
		{96F4E22E-0645-44BA-8803-415622E00124}.Release|Any CPU.Build.0 = Release|Any CPU
		{98F16DA4-C9EE-40BE-B1C2-1D6138AAF11F}.Debug|Any CPU.ActiveCfg = Debug|Any CPU
		{98F16DA4-C9EE-40BE-B1C2-1D6138AAF11F}.Debug|Any CPU.Build.0 = Debug|Any CPU
		{98F16DA4-C9EE-40BE-B1C2-1D6138AAF11F}.Release|Any CPU.ActiveCfg = Release|Any CPU
		{98F16DA4-C9EE-40BE-B1C2-1D6138AAF11F}.Release|Any CPU.Build.0 = Release|Any CPU
		{BC4D340D-97F9-469A-871B-EF09DEE9355F}.Debug|Any CPU.ActiveCfg = Debug|Any CPU
		{BC4D340D-97F9-469A-871B-EF09DEE9355F}.Debug|Any CPU.Build.0 = Debug|Any CPU
		{BC4D340D-97F9-469A-871B-EF09DEE9355F}.Release|Any CPU.ActiveCfg = Release|Any CPU
		{BC4D340D-97F9-469A-871B-EF09DEE9355F}.Release|Any CPU.Build.0 = Release|Any CPU
		{B2B86444-4644-4800-AEAC-122E976C2B14}.Debug|Any CPU.ActiveCfg = Debug|Any CPU
		{B2B86444-4644-4800-AEAC-122E976C2B14}.Debug|Any CPU.Build.0 = Debug|Any CPU
		{B2B86444-4644-4800-AEAC-122E976C2B14}.Release|Any CPU.ActiveCfg = Release|Any CPU
		{B2B86444-4644-4800-AEAC-122E976C2B14}.Release|Any CPU.Build.0 = Release|Any CPU
		{7D951826-DEE9-46A3-97B2-A7736954F99D}.Debug|Any CPU.ActiveCfg = Debug|Any CPU
		{7D951826-DEE9-46A3-97B2-A7736954F99D}.Debug|Any CPU.Build.0 = Debug|Any CPU
		{7D951826-DEE9-46A3-97B2-A7736954F99D}.Release|Any CPU.ActiveCfg = Release|Any CPU
		{7D951826-DEE9-46A3-97B2-A7736954F99D}.Release|Any CPU.Build.0 = Release|Any CPU
		{993CFE7A-E3AC-458E-A1EE-4210E192082F}.Debug|Any CPU.ActiveCfg = Debug|Any CPU
		{993CFE7A-E3AC-458E-A1EE-4210E192082F}.Debug|Any CPU.Build.0 = Debug|Any CPU
		{993CFE7A-E3AC-458E-A1EE-4210E192082F}.Release|Any CPU.ActiveCfg = Release|Any CPU
		{993CFE7A-E3AC-458E-A1EE-4210E192082F}.Release|Any CPU.Build.0 = Release|Any CPU
		{A1D803C9-61FB-4B50-B457-3CA6A312A496}.Debug|Any CPU.ActiveCfg = Debug|Any CPU
		{A1D803C9-61FB-4B50-B457-3CA6A312A496}.Debug|Any CPU.Build.0 = Debug|Any CPU
		{A1D803C9-61FB-4B50-B457-3CA6A312A496}.Release|Any CPU.ActiveCfg = Release|Any CPU
		{A1D803C9-61FB-4B50-B457-3CA6A312A496}.Release|Any CPU.Build.0 = Release|Any CPU
		{E7B16958-9A1E-4BD0-A4CC-7AD882A93747}.Debug|Any CPU.ActiveCfg = Debug|Any CPU
		{E7B16958-9A1E-4BD0-A4CC-7AD882A93747}.Debug|Any CPU.Build.0 = Debug|Any CPU
		{E7B16958-9A1E-4BD0-A4CC-7AD882A93747}.Release|Any CPU.ActiveCfg = Release|Any CPU
		{E7B16958-9A1E-4BD0-A4CC-7AD882A93747}.Release|Any CPU.Build.0 = Release|Any CPU
		{6C73C7FF-1069-4F43-9387-5FFEF485463E}.Debug|Any CPU.ActiveCfg = Debug|Any CPU
		{6C73C7FF-1069-4F43-9387-5FFEF485463E}.Debug|Any CPU.Build.0 = Debug|Any CPU
		{6C73C7FF-1069-4F43-9387-5FFEF485463E}.Release|Any CPU.ActiveCfg = Release|Any CPU
		{6C73C7FF-1069-4F43-9387-5FFEF485463E}.Release|Any CPU.Build.0 = Release|Any CPU
		{B935EB30-BB28-4BBD-B30E-A4FEF5A30BDD}.Debug|Any CPU.ActiveCfg = Debug|Any CPU
		{B935EB30-BB28-4BBD-B30E-A4FEF5A30BDD}.Debug|Any CPU.Build.0 = Debug|Any CPU
		{B935EB30-BB28-4BBD-B30E-A4FEF5A30BDD}.Release|Any CPU.ActiveCfg = Release|Any CPU
		{B935EB30-BB28-4BBD-B30E-A4FEF5A30BDD}.Release|Any CPU.Build.0 = Release|Any CPU
		{44815B5D-006D-4CF5-9DA9-719537690669}.Debug|Any CPU.ActiveCfg = Debug|Any CPU
		{44815B5D-006D-4CF5-9DA9-719537690669}.Debug|Any CPU.Build.0 = Debug|Any CPU
		{44815B5D-006D-4CF5-9DA9-719537690669}.Release|Any CPU.ActiveCfg = Release|Any CPU
		{44815B5D-006D-4CF5-9DA9-719537690669}.Release|Any CPU.Build.0 = Release|Any CPU
		{A42FA450-86DE-41BA-9A1D-C5784C0DB15E}.Debug|Any CPU.ActiveCfg = Debug|Any CPU
		{A42FA450-86DE-41BA-9A1D-C5784C0DB15E}.Debug|Any CPU.Build.0 = Debug|Any CPU
		{A42FA450-86DE-41BA-9A1D-C5784C0DB15E}.Release|Any CPU.ActiveCfg = Release|Any CPU
		{A42FA450-86DE-41BA-9A1D-C5784C0DB15E}.Release|Any CPU.Build.0 = Release|Any CPU
		{79768319-CCEA-4D99-ACE1-357BB63C6909}.Debug|Any CPU.ActiveCfg = Debug|Any CPU
		{79768319-CCEA-4D99-ACE1-357BB63C6909}.Debug|Any CPU.Build.0 = Debug|Any CPU
		{79768319-CCEA-4D99-ACE1-357BB63C6909}.Release|Any CPU.ActiveCfg = Release|Any CPU
		{79768319-CCEA-4D99-ACE1-357BB63C6909}.Release|Any CPU.Build.0 = Release|Any CPU
		{00A140DE-B0A9-4FDD-913B-66FD7D5C7B68}.Debug|Any CPU.ActiveCfg = Debug|Any CPU
		{00A140DE-B0A9-4FDD-913B-66FD7D5C7B68}.Debug|Any CPU.Build.0 = Debug|Any CPU
		{00A140DE-B0A9-4FDD-913B-66FD7D5C7B68}.Release|Any CPU.ActiveCfg = Release|Any CPU
		{00A140DE-B0A9-4FDD-913B-66FD7D5C7B68}.Release|Any CPU.Build.0 = Release|Any CPU
		{A7C3BEF7-0312-4C6C-AA43-21567A6AFAC8}.Debug|Any CPU.ActiveCfg = Debug|Any CPU
		{A7C3BEF7-0312-4C6C-AA43-21567A6AFAC8}.Debug|Any CPU.Build.0 = Debug|Any CPU
		{A7C3BEF7-0312-4C6C-AA43-21567A6AFAC8}.Release|Any CPU.ActiveCfg = Release|Any CPU
		{A7C3BEF7-0312-4C6C-AA43-21567A6AFAC8}.Release|Any CPU.Build.0 = Release|Any CPU
		{34B5FAA0-888F-484F-9202-788B8310945F}.Debug|Any CPU.ActiveCfg = Debug|Any CPU
		{34B5FAA0-888F-484F-9202-788B8310945F}.Debug|Any CPU.Build.0 = Debug|Any CPU
		{34B5FAA0-888F-484F-9202-788B8310945F}.Release|Any CPU.ActiveCfg = Release|Any CPU
		{34B5FAA0-888F-484F-9202-788B8310945F}.Release|Any CPU.Build.0 = Release|Any CPU
		{DE6B9EC8-66C3-438B-8F0B-761988EB5F01}.Debug|Any CPU.ActiveCfg = Debug|Any CPU
		{DE6B9EC8-66C3-438B-8F0B-761988EB5F01}.Debug|Any CPU.Build.0 = Debug|Any CPU
		{DE6B9EC8-66C3-438B-8F0B-761988EB5F01}.Release|Any CPU.ActiveCfg = Release|Any CPU
		{DE6B9EC8-66C3-438B-8F0B-761988EB5F01}.Release|Any CPU.Build.0 = Release|Any CPU
		{E200CC69-5E0A-4A3A-A685-893A0561FDD7}.Debug|Any CPU.ActiveCfg = Debug|Any CPU
		{E200CC69-5E0A-4A3A-A685-893A0561FDD7}.Debug|Any CPU.Build.0 = Debug|Any CPU
		{E200CC69-5E0A-4A3A-A685-893A0561FDD7}.Release|Any CPU.ActiveCfg = Release|Any CPU
		{E200CC69-5E0A-4A3A-A685-893A0561FDD7}.Release|Any CPU.Build.0 = Release|Any CPU
		{54BD2C03-A6AC-4247-8156-4D75E95C3A53}.Debug|Any CPU.ActiveCfg = Debug|Any CPU
		{54BD2C03-A6AC-4247-8156-4D75E95C3A53}.Debug|Any CPU.Build.0 = Debug|Any CPU
		{54BD2C03-A6AC-4247-8156-4D75E95C3A53}.Release|Any CPU.ActiveCfg = Release|Any CPU
		{54BD2C03-A6AC-4247-8156-4D75E95C3A53}.Release|Any CPU.Build.0 = Release|Any CPU
		{D80521C4-F88F-426F-B79F-AD7B246B1E7D}.Debug|Any CPU.ActiveCfg = Debug|Any CPU
		{D80521C4-F88F-426F-B79F-AD7B246B1E7D}.Debug|Any CPU.Build.0 = Debug|Any CPU
		{D80521C4-F88F-426F-B79F-AD7B246B1E7D}.Release|Any CPU.ActiveCfg = Release|Any CPU
		{D80521C4-F88F-426F-B79F-AD7B246B1E7D}.Release|Any CPU.Build.0 = Release|Any CPU
		{88A0BAA5-3F96-43A5-8DD0-B838F7CE2B4F}.Debug|Any CPU.ActiveCfg = Debug|Any CPU
		{88A0BAA5-3F96-43A5-8DD0-B838F7CE2B4F}.Debug|Any CPU.Build.0 = Debug|Any CPU
		{88A0BAA5-3F96-43A5-8DD0-B838F7CE2B4F}.Release|Any CPU.ActiveCfg = Release|Any CPU
		{88A0BAA5-3F96-43A5-8DD0-B838F7CE2B4F}.Release|Any CPU.Build.0 = Release|Any CPU
		{B7DB9CF4-42A7-4A0E-AB6B-FDDBF2E391CC}.Debug|Any CPU.ActiveCfg = Debug|Any CPU
		{B7DB9CF4-42A7-4A0E-AB6B-FDDBF2E391CC}.Debug|Any CPU.Build.0 = Debug|Any CPU
		{B7DB9CF4-42A7-4A0E-AB6B-FDDBF2E391CC}.Release|Any CPU.ActiveCfg = Release|Any CPU
		{B7DB9CF4-42A7-4A0E-AB6B-FDDBF2E391CC}.Release|Any CPU.Build.0 = Release|Any CPU
		{180F5963-3A34-435C-8804-2A9CC6490481}.Debug|Any CPU.ActiveCfg = Debug|Any CPU
		{180F5963-3A34-435C-8804-2A9CC6490481}.Debug|Any CPU.Build.0 = Debug|Any CPU
		{180F5963-3A34-435C-8804-2A9CC6490481}.Release|Any CPU.ActiveCfg = Release|Any CPU
		{180F5963-3A34-435C-8804-2A9CC6490481}.Release|Any CPU.Build.0 = Release|Any CPU
		{B5A72203-335D-40E4-8421-3E11FB8F8913}.Debug|Any CPU.ActiveCfg = Debug|Any CPU
		{B5A72203-335D-40E4-8421-3E11FB8F8913}.Debug|Any CPU.Build.0 = Debug|Any CPU
		{B5A72203-335D-40E4-8421-3E11FB8F8913}.Release|Any CPU.ActiveCfg = Release|Any CPU
		{B5A72203-335D-40E4-8421-3E11FB8F8913}.Release|Any CPU.Build.0 = Release|Any CPU
		{90CB3D68-7E2E-463B-9154-F1AEA70F6838}.Debug|Any CPU.ActiveCfg = Debug|Any CPU
		{90CB3D68-7E2E-463B-9154-F1AEA70F6838}.Debug|Any CPU.Build.0 = Debug|Any CPU
		{90CB3D68-7E2E-463B-9154-F1AEA70F6838}.Release|Any CPU.ActiveCfg = Release|Any CPU
		{90CB3D68-7E2E-463B-9154-F1AEA70F6838}.Release|Any CPU.Build.0 = Release|Any CPU
		{132F9405-B43F-493A-A5B1-0F956AE7C81B}.Debug|Any CPU.ActiveCfg = Debug|Any CPU
		{132F9405-B43F-493A-A5B1-0F956AE7C81B}.Debug|Any CPU.Build.0 = Debug|Any CPU
		{132F9405-B43F-493A-A5B1-0F956AE7C81B}.Release|Any CPU.ActiveCfg = Release|Any CPU
		{132F9405-B43F-493A-A5B1-0F956AE7C81B}.Release|Any CPU.Build.0 = Release|Any CPU
		{B9430654-5CAD-412F-8A4D-A29174753F62}.Debug|Any CPU.ActiveCfg = Debug|Any CPU
		{B9430654-5CAD-412F-8A4D-A29174753F62}.Debug|Any CPU.Build.0 = Debug|Any CPU
		{B9430654-5CAD-412F-8A4D-A29174753F62}.Release|Any CPU.ActiveCfg = Release|Any CPU
		{B9430654-5CAD-412F-8A4D-A29174753F62}.Release|Any CPU.Build.0 = Release|Any CPU
		{7B71F3B0-F422-4661-AD92-CA48CD724AE0}.Debug|Any CPU.ActiveCfg = Debug|Any CPU
		{7B71F3B0-F422-4661-AD92-CA48CD724AE0}.Debug|Any CPU.Build.0 = Debug|Any CPU
		{7B71F3B0-F422-4661-AD92-CA48CD724AE0}.Release|Any CPU.ActiveCfg = Release|Any CPU
		{7B71F3B0-F422-4661-AD92-CA48CD724AE0}.Release|Any CPU.Build.0 = Release|Any CPU
		{166C2277-E0F4-46D3-BBEF-01E6A224EAD8}.Debug|Any CPU.ActiveCfg = Debug|Any CPU
		{166C2277-E0F4-46D3-BBEF-01E6A224EAD8}.Debug|Any CPU.Build.0 = Debug|Any CPU
		{166C2277-E0F4-46D3-BBEF-01E6A224EAD8}.Release|Any CPU.ActiveCfg = Release|Any CPU
		{166C2277-E0F4-46D3-BBEF-01E6A224EAD8}.Release|Any CPU.Build.0 = Release|Any CPU
		{C4FA06DC-97BD-44C9-92BB-E31EF8F8E766}.Debug|Any CPU.ActiveCfg = Debug|Any CPU
		{C4FA06DC-97BD-44C9-92BB-E31EF8F8E766}.Debug|Any CPU.Build.0 = Debug|Any CPU
		{C4FA06DC-97BD-44C9-92BB-E31EF8F8E766}.Release|Any CPU.ActiveCfg = Release|Any CPU
		{C4FA06DC-97BD-44C9-92BB-E31EF8F8E766}.Release|Any CPU.Build.0 = Release|Any CPU
		{66D0EEEB-2062-4C4D-84D2-0736BB40828B}.Debug|Any CPU.ActiveCfg = Debug|Any CPU
		{66D0EEEB-2062-4C4D-84D2-0736BB40828B}.Debug|Any CPU.Build.0 = Debug|Any CPU
		{66D0EEEB-2062-4C4D-84D2-0736BB40828B}.Release|Any CPU.ActiveCfg = Release|Any CPU
		{66D0EEEB-2062-4C4D-84D2-0736BB40828B}.Release|Any CPU.Build.0 = Release|Any CPU
		{782C06F8-799B-45B9-98FC-673540E033B1}.Debug|Any CPU.ActiveCfg = Debug|Any CPU
		{782C06F8-799B-45B9-98FC-673540E033B1}.Debug|Any CPU.Build.0 = Debug|Any CPU
		{782C06F8-799B-45B9-98FC-673540E033B1}.Release|Any CPU.ActiveCfg = Release|Any CPU
		{782C06F8-799B-45B9-98FC-673540E033B1}.Release|Any CPU.Build.0 = Release|Any CPU
		{3498A624-E788-40CE-AC8E-70EC5469521D}.Debug|Any CPU.ActiveCfg = Debug|Any CPU
		{3498A624-E788-40CE-AC8E-70EC5469521D}.Debug|Any CPU.Build.0 = Debug|Any CPU
		{3498A624-E788-40CE-AC8E-70EC5469521D}.Release|Any CPU.ActiveCfg = Release|Any CPU
		{3498A624-E788-40CE-AC8E-70EC5469521D}.Release|Any CPU.Build.0 = Release|Any CPU
		{0A46045D-180D-4E11-B4CF-1193C52FB93D}.Debug|Any CPU.ActiveCfg = Debug|Any CPU
		{0A46045D-180D-4E11-B4CF-1193C52FB93D}.Debug|Any CPU.Build.0 = Debug|Any CPU
		{0A46045D-180D-4E11-B4CF-1193C52FB93D}.Release|Any CPU.ActiveCfg = Release|Any CPU
		{0A46045D-180D-4E11-B4CF-1193C52FB93D}.Release|Any CPU.Build.0 = Release|Any CPU
		{F582B224-EB9F-4A26-87D7-AF662A38C6DE}.Debug|Any CPU.ActiveCfg = Debug|Any CPU
		{F582B224-EB9F-4A26-87D7-AF662A38C6DE}.Debug|Any CPU.Build.0 = Debug|Any CPU
		{F582B224-EB9F-4A26-87D7-AF662A38C6DE}.Release|Any CPU.ActiveCfg = Release|Any CPU
		{F582B224-EB9F-4A26-87D7-AF662A38C6DE}.Release|Any CPU.Build.0 = Release|Any CPU
		{A60BA3C2-E224-4E56-A7A1-A7ADEC745224}.Debug|Any CPU.ActiveCfg = Debug|Any CPU
		{A60BA3C2-E224-4E56-A7A1-A7ADEC745224}.Debug|Any CPU.Build.0 = Debug|Any CPU
		{A60BA3C2-E224-4E56-A7A1-A7ADEC745224}.Release|Any CPU.ActiveCfg = Release|Any CPU
		{A60BA3C2-E224-4E56-A7A1-A7ADEC745224}.Release|Any CPU.Build.0 = Release|Any CPU
		{3BA76DA5-0FB9-4CED-80A2-ED5B686D6899}.Debug|Any CPU.ActiveCfg = Debug|Any CPU
		{3BA76DA5-0FB9-4CED-80A2-ED5B686D6899}.Debug|Any CPU.Build.0 = Debug|Any CPU
		{3BA76DA5-0FB9-4CED-80A2-ED5B686D6899}.Release|Any CPU.ActiveCfg = Release|Any CPU
		{3BA76DA5-0FB9-4CED-80A2-ED5B686D6899}.Release|Any CPU.Build.0 = Release|Any CPU
		{15895D31-C08A-4993-8C1C-22CFF52C8D48}.Debug|Any CPU.ActiveCfg = Debug|Any CPU
		{15895D31-C08A-4993-8C1C-22CFF52C8D48}.Debug|Any CPU.Build.0 = Debug|Any CPU
		{15895D31-C08A-4993-8C1C-22CFF52C8D48}.Release|Any CPU.ActiveCfg = Release|Any CPU
		{15895D31-C08A-4993-8C1C-22CFF52C8D48}.Release|Any CPU.Build.0 = Release|Any CPU
		{7D625EB0-D4E3-49C2-A983-B66BEAC9D166}.Debug|Any CPU.ActiveCfg = Debug|Any CPU
		{7D625EB0-D4E3-49C2-A983-B66BEAC9D166}.Debug|Any CPU.Build.0 = Debug|Any CPU
		{7D625EB0-D4E3-49C2-A983-B66BEAC9D166}.Release|Any CPU.ActiveCfg = Release|Any CPU
		{7D625EB0-D4E3-49C2-A983-B66BEAC9D166}.Release|Any CPU.Build.0 = Release|Any CPU
		{DFD154FC-89BE-4525-8359-AFB22A1402C9}.Debug|Any CPU.ActiveCfg = Debug|Any CPU
		{DFD154FC-89BE-4525-8359-AFB22A1402C9}.Debug|Any CPU.Build.0 = Debug|Any CPU
		{DFD154FC-89BE-4525-8359-AFB22A1402C9}.Release|Any CPU.ActiveCfg = Release|Any CPU
		{DFD154FC-89BE-4525-8359-AFB22A1402C9}.Release|Any CPU.Build.0 = Release|Any CPU
		{0613ED0D-9E98-438D-BE58-7793F0E5DE8F}.Debug|Any CPU.ActiveCfg = Debug|Any CPU
		{0613ED0D-9E98-438D-BE58-7793F0E5DE8F}.Debug|Any CPU.Build.0 = Debug|Any CPU
		{0613ED0D-9E98-438D-BE58-7793F0E5DE8F}.Release|Any CPU.ActiveCfg = Release|Any CPU
		{0613ED0D-9E98-438D-BE58-7793F0E5DE8F}.Release|Any CPU.Build.0 = Release|Any CPU
		{9903FBBF-9694-4F3C-A2CF-4D2336935B23}.Debug|Any CPU.ActiveCfg = Debug|Any CPU
		{9903FBBF-9694-4F3C-A2CF-4D2336935B23}.Debug|Any CPU.Build.0 = Debug|Any CPU
		{9903FBBF-9694-4F3C-A2CF-4D2336935B23}.Release|Any CPU.ActiveCfg = Release|Any CPU
		{9903FBBF-9694-4F3C-A2CF-4D2336935B23}.Release|Any CPU.Build.0 = Release|Any CPU
		{E92B8D85-5B85-4F54-8973-B0814B64CA1C}.Debug|Any CPU.ActiveCfg = Debug|Any CPU
		{E92B8D85-5B85-4F54-8973-B0814B64CA1C}.Debug|Any CPU.Build.0 = Debug|Any CPU
		{E92B8D85-5B85-4F54-8973-B0814B64CA1C}.Release|Any CPU.ActiveCfg = Release|Any CPU
		{E92B8D85-5B85-4F54-8973-B0814B64CA1C}.Release|Any CPU.Build.0 = Release|Any CPU
		{CC5F2002-86E5-4AB0-A95B-F52DFC2F457E}.Debug|Any CPU.ActiveCfg = Debug|Any CPU
		{CC5F2002-86E5-4AB0-A95B-F52DFC2F457E}.Debug|Any CPU.Build.0 = Debug|Any CPU
		{CC5F2002-86E5-4AB0-A95B-F52DFC2F457E}.Release|Any CPU.ActiveCfg = Release|Any CPU
		{CC5F2002-86E5-4AB0-A95B-F52DFC2F457E}.Release|Any CPU.Build.0 = Release|Any CPU
		{2AC01E7F-5B92-402C-AC43-F95E2C2747A9}.Debug|Any CPU.ActiveCfg = Debug|Any CPU
		{2AC01E7F-5B92-402C-AC43-F95E2C2747A9}.Debug|Any CPU.Build.0 = Debug|Any CPU
		{2AC01E7F-5B92-402C-AC43-F95E2C2747A9}.Release|Any CPU.ActiveCfg = Release|Any CPU
		{2AC01E7F-5B92-402C-AC43-F95E2C2747A9}.Release|Any CPU.Build.0 = Release|Any CPU
		{5BAC408D-3D14-4896-BFEE-A667FB822F56}.Debug|Any CPU.ActiveCfg = Debug|Any CPU
		{5BAC408D-3D14-4896-BFEE-A667FB822F56}.Debug|Any CPU.Build.0 = Debug|Any CPU
		{5BAC408D-3D14-4896-BFEE-A667FB822F56}.Release|Any CPU.ActiveCfg = Release|Any CPU
		{5BAC408D-3D14-4896-BFEE-A667FB822F56}.Release|Any CPU.Build.0 = Release|Any CPU
		{9810EF59-1F78-42FA-99BF-47EBE69C2FDB}.Debug|Any CPU.ActiveCfg = Debug|Any CPU
		{9810EF59-1F78-42FA-99BF-47EBE69C2FDB}.Debug|Any CPU.Build.0 = Debug|Any CPU
		{9810EF59-1F78-42FA-99BF-47EBE69C2FDB}.Release|Any CPU.ActiveCfg = Release|Any CPU
		{9810EF59-1F78-42FA-99BF-47EBE69C2FDB}.Release|Any CPU.Build.0 = Release|Any CPU
		{A62AA7DC-0D30-416A-9107-34AFEEF69B68}.Debug|Any CPU.ActiveCfg = Debug|Any CPU
		{A62AA7DC-0D30-416A-9107-34AFEEF69B68}.Debug|Any CPU.Build.0 = Debug|Any CPU
		{A62AA7DC-0D30-416A-9107-34AFEEF69B68}.Release|Any CPU.ActiveCfg = Release|Any CPU
		{A62AA7DC-0D30-416A-9107-34AFEEF69B68}.Release|Any CPU.Build.0 = Release|Any CPU
		{EAF32B42-41D9-4F35-90D1-07B2A76A5DE3}.Debug|Any CPU.ActiveCfg = Debug|Any CPU
		{EAF32B42-41D9-4F35-90D1-07B2A76A5DE3}.Debug|Any CPU.Build.0 = Debug|Any CPU
		{EAF32B42-41D9-4F35-90D1-07B2A76A5DE3}.Release|Any CPU.ActiveCfg = Release|Any CPU
		{EAF32B42-41D9-4F35-90D1-07B2A76A5DE3}.Release|Any CPU.Build.0 = Release|Any CPU
		{60A8667B-86EF-4FD2-AB12-5A0382862ADE}.Debug|Any CPU.ActiveCfg = Debug|Any CPU
		{60A8667B-86EF-4FD2-AB12-5A0382862ADE}.Debug|Any CPU.Build.0 = Debug|Any CPU
		{60A8667B-86EF-4FD2-AB12-5A0382862ADE}.Release|Any CPU.ActiveCfg = Release|Any CPU
		{60A8667B-86EF-4FD2-AB12-5A0382862ADE}.Release|Any CPU.Build.0 = Release|Any CPU
		{E47FA3B4-5969-4585-B08A-DEE304A17C7F}.Debug|Any CPU.ActiveCfg = Debug|Any CPU
		{E47FA3B4-5969-4585-B08A-DEE304A17C7F}.Debug|Any CPU.Build.0 = Debug|Any CPU
		{E47FA3B4-5969-4585-B08A-DEE304A17C7F}.Release|Any CPU.ActiveCfg = Release|Any CPU
		{E47FA3B4-5969-4585-B08A-DEE304A17C7F}.Release|Any CPU.Build.0 = Release|Any CPU
		{FE110A36-D924-431A-AFBA-34A3B05E1116}.Debug|Any CPU.ActiveCfg = Debug|Any CPU
		{FE110A36-D924-431A-AFBA-34A3B05E1116}.Debug|Any CPU.Build.0 = Debug|Any CPU
		{FE110A36-D924-431A-AFBA-34A3B05E1116}.Release|Any CPU.ActiveCfg = Release|Any CPU
		{FE110A36-D924-431A-AFBA-34A3B05E1116}.Release|Any CPU.Build.0 = Release|Any CPU
		{F75FB18B-2B5E-46E4-A522-EA09A879E5B6}.Debug|Any CPU.ActiveCfg = Debug|Any CPU
		{F75FB18B-2B5E-46E4-A522-EA09A879E5B6}.Debug|Any CPU.Build.0 = Debug|Any CPU
		{F75FB18B-2B5E-46E4-A522-EA09A879E5B6}.Release|Any CPU.ActiveCfg = Release|Any CPU
		{F75FB18B-2B5E-46E4-A522-EA09A879E5B6}.Release|Any CPU.Build.0 = Release|Any CPU
		{51DA33A8-4536-4F51-A842-DAC5B674A18B}.Debug|Any CPU.ActiveCfg = Debug|Any CPU
		{51DA33A8-4536-4F51-A842-DAC5B674A18B}.Debug|Any CPU.Build.0 = Debug|Any CPU
		{51DA33A8-4536-4F51-A842-DAC5B674A18B}.Release|Any CPU.ActiveCfg = Release|Any CPU
		{51DA33A8-4536-4F51-A842-DAC5B674A18B}.Release|Any CPU.Build.0 = Release|Any CPU
		{A987E53D-0F77-41BE-B347-B5F1F525AAEE}.Debug|Any CPU.ActiveCfg = Debug|Any CPU
		{A987E53D-0F77-41BE-B347-B5F1F525AAEE}.Debug|Any CPU.Build.0 = Debug|Any CPU
		{A987E53D-0F77-41BE-B347-B5F1F525AAEE}.Release|Any CPU.ActiveCfg = Release|Any CPU
		{A987E53D-0F77-41BE-B347-B5F1F525AAEE}.Release|Any CPU.Build.0 = Release|Any CPU
		{DA17C999-2C4D-493D-BE7E-20EA0A4E58F5}.Debug|Any CPU.ActiveCfg = Debug|Any CPU
		{DA17C999-2C4D-493D-BE7E-20EA0A4E58F5}.Debug|Any CPU.Build.0 = Debug|Any CPU
		{DA17C999-2C4D-493D-BE7E-20EA0A4E58F5}.Release|Any CPU.ActiveCfg = Release|Any CPU
		{DA17C999-2C4D-493D-BE7E-20EA0A4E58F5}.Release|Any CPU.Build.0 = Release|Any CPU
	EndGlobalSection
	GlobalSection(SolutionProperties) = preSolution
		HideSolutionNode = FALSE
	EndGlobalSection
	GlobalSection(NestedProjects) = preSolution
		{3F1CCE92-E216-4D46-AC05-05259EE5E61B} = {8A88744C-4BB7-49F2-B754-2D58EDD8F33D}
		{3B254A19-C3FD-4246-B319-987933185190} = {8A88744C-4BB7-49F2-B754-2D58EDD8F33D}
		{D90AE7EF-DB45-4CCE-8693-D2A9616AF7AD} = {28D7B93B-15B8-4255-AD9F-F9023C65D568}
		{70F2A513-A53D-4194-80CC-7D4AE863C4B2} = {28D7B93B-15B8-4255-AD9F-F9023C65D568}
		{96F4E22E-0645-44BA-8803-415622E00124} = {B9350AAB-2463-458C-9353-0BDB5F8A716B}
		{98F16DA4-C9EE-40BE-B1C2-1D6138AAF11F} = {B9350AAB-2463-458C-9353-0BDB5F8A716B}
		{BC4D340D-97F9-469A-871B-EF09DEE9355F} = {B9350AAB-2463-458C-9353-0BDB5F8A716B}
		{B2B86444-4644-4800-AEAC-122E976C2B14} = {B9350AAB-2463-458C-9353-0BDB5F8A716B}
		{7D951826-DEE9-46A3-97B2-A7736954F99D} = {B9350AAB-2463-458C-9353-0BDB5F8A716B}
		{993CFE7A-E3AC-458E-A1EE-4210E192082F} = {B9350AAB-2463-458C-9353-0BDB5F8A716B}
		{A1D803C9-61FB-4B50-B457-3CA6A312A496} = {B9350AAB-2463-458C-9353-0BDB5F8A716B}
		{E7B16958-9A1E-4BD0-A4CC-7AD882A93747} = {B9350AAB-2463-458C-9353-0BDB5F8A716B}
		{6C73C7FF-1069-4F43-9387-5FFEF485463E} = {B9350AAB-2463-458C-9353-0BDB5F8A716B}
		{B935EB30-BB28-4BBD-B30E-A4FEF5A30BDD} = {B9350AAB-2463-458C-9353-0BDB5F8A716B}
		{44815B5D-006D-4CF5-9DA9-719537690669} = {B9350AAB-2463-458C-9353-0BDB5F8A716B}
		{A42FA450-86DE-41BA-9A1D-C5784C0DB15E} = {B9350AAB-2463-458C-9353-0BDB5F8A716B}
		{79768319-CCEA-4D99-ACE1-357BB63C6909} = {B9350AAB-2463-458C-9353-0BDB5F8A716B}
		{00A140DE-B0A9-4FDD-913B-66FD7D5C7B68} = {B9350AAB-2463-458C-9353-0BDB5F8A716B}
		{A7C3BEF7-0312-4C6C-AA43-21567A6AFAC8} = {B9350AAB-2463-458C-9353-0BDB5F8A716B}
		{34B5FAA0-888F-484F-9202-788B8310945F} = {B9350AAB-2463-458C-9353-0BDB5F8A716B}
		{DE6B9EC8-66C3-438B-8F0B-761988EB5F01} = {B9350AAB-2463-458C-9353-0BDB5F8A716B}
		{E200CC69-5E0A-4A3A-A685-893A0561FDD7} = {B9350AAB-2463-458C-9353-0BDB5F8A716B}
		{54BD2C03-A6AC-4247-8156-4D75E95C3A53} = {B9350AAB-2463-458C-9353-0BDB5F8A716B}
		{D80521C4-F88F-426F-B79F-AD7B246B1E7D} = {B9350AAB-2463-458C-9353-0BDB5F8A716B}
		{88A0BAA5-3F96-43A5-8DD0-B838F7CE2B4F} = {B9350AAB-2463-458C-9353-0BDB5F8A716B}
		{B7DB9CF4-42A7-4A0E-AB6B-FDDBF2E391CC} = {B9350AAB-2463-458C-9353-0BDB5F8A716B}
		{180F5963-3A34-435C-8804-2A9CC6490481} = {B9350AAB-2463-458C-9353-0BDB5F8A716B}
		{B5A72203-335D-40E4-8421-3E11FB8F8913} = {B9350AAB-2463-458C-9353-0BDB5F8A716B}
		{90CB3D68-7E2E-463B-9154-F1AEA70F6838} = {B9350AAB-2463-458C-9353-0BDB5F8A716B}
		{132F9405-B43F-493A-A5B1-0F956AE7C81B} = {B9350AAB-2463-458C-9353-0BDB5F8A716B}
		{B9430654-5CAD-412F-8A4D-A29174753F62} = {B9350AAB-2463-458C-9353-0BDB5F8A716B}
		{7B71F3B0-F422-4661-AD92-CA48CD724AE0} = {B9350AAB-2463-458C-9353-0BDB5F8A716B}
		{166C2277-E0F4-46D3-BBEF-01E6A224EAD8} = {B9350AAB-2463-458C-9353-0BDB5F8A716B}
		{C4FA06DC-97BD-44C9-92BB-E31EF8F8E766} = {B9350AAB-2463-458C-9353-0BDB5F8A716B}
		{66D0EEEB-2062-4C4D-84D2-0736BB40828B} = {B9350AAB-2463-458C-9353-0BDB5F8A716B}
		{782C06F8-799B-45B9-98FC-673540E033B1} = {B9350AAB-2463-458C-9353-0BDB5F8A716B}
		{3498A624-E788-40CE-AC8E-70EC5469521D} = {B9350AAB-2463-458C-9353-0BDB5F8A716B}
		{0A46045D-180D-4E11-B4CF-1193C52FB93D} = {B9350AAB-2463-458C-9353-0BDB5F8A716B}
		{F582B224-EB9F-4A26-87D7-AF662A38C6DE} = {B9350AAB-2463-458C-9353-0BDB5F8A716B}
		{A60BA3C2-E224-4E56-A7A1-A7ADEC745224} = {B9350AAB-2463-458C-9353-0BDB5F8A716B}
		{3BA76DA5-0FB9-4CED-80A2-ED5B686D6899} = {B9350AAB-2463-458C-9353-0BDB5F8A716B}
		{15895D31-C08A-4993-8C1C-22CFF52C8D48} = {B9350AAB-2463-458C-9353-0BDB5F8A716B}
		{7D625EB0-D4E3-49C2-A983-B66BEAC9D166} = {B9350AAB-2463-458C-9353-0BDB5F8A716B}
		{DFD154FC-89BE-4525-8359-AFB22A1402C9} = {B9350AAB-2463-458C-9353-0BDB5F8A716B}
		{0613ED0D-9E98-438D-BE58-7793F0E5DE8F} = {B9350AAB-2463-458C-9353-0BDB5F8A716B}
		{9903FBBF-9694-4F3C-A2CF-4D2336935B23} = {B9350AAB-2463-458C-9353-0BDB5F8A716B}
		{E92B8D85-5B85-4F54-8973-B0814B64CA1C} = {B9350AAB-2463-458C-9353-0BDB5F8A716B}
		{CC5F2002-86E5-4AB0-A95B-F52DFC2F457E} = {B9350AAB-2463-458C-9353-0BDB5F8A716B}
		{2AC01E7F-5B92-402C-AC43-F95E2C2747A9} = {B9350AAB-2463-458C-9353-0BDB5F8A716B}
		{5BAC408D-3D14-4896-BFEE-A667FB822F56} = {B9350AAB-2463-458C-9353-0BDB5F8A716B}
		{9810EF59-1F78-42FA-99BF-47EBE69C2FDB} = {B9350AAB-2463-458C-9353-0BDB5F8A716B}
		{A62AA7DC-0D30-416A-9107-34AFEEF69B68} = {B9350AAB-2463-458C-9353-0BDB5F8A716B}
		{EAF32B42-41D9-4F35-90D1-07B2A76A5DE3} = {B9350AAB-2463-458C-9353-0BDB5F8A716B}
		{60A8667B-86EF-4FD2-AB12-5A0382862ADE} = {B9350AAB-2463-458C-9353-0BDB5F8A716B}
		{E47FA3B4-5969-4585-B08A-DEE304A17C7F} = {B9350AAB-2463-458C-9353-0BDB5F8A716B}
		{FE110A36-D924-431A-AFBA-34A3B05E1116} = {B9350AAB-2463-458C-9353-0BDB5F8A716B}
		{F75FB18B-2B5E-46E4-A522-EA09A879E5B6} = {B9350AAB-2463-458C-9353-0BDB5F8A716B}
		{51DA33A8-4536-4F51-A842-DAC5B674A18B} = {B9350AAB-2463-458C-9353-0BDB5F8A716B}
		{A987E53D-0F77-41BE-B347-B5F1F525AAEE} = {B9350AAB-2463-458C-9353-0BDB5F8A716B}
		{DA17C999-2C4D-493D-BE7E-20EA0A4E58F5} = {B9350AAB-2463-458C-9353-0BDB5F8A716B}
	EndGlobalSection
EndGlobal
